// !$*UTF8*$!
{
	archiveVersion = 1;
	classes = {
	};
	objectVersion = 46;
	objects = {

/* Begin PBXBuildFile section */
		85A4B0C31B7C1CE300657064 /* Character.m in Sources */ = {isa = PBXBuildFile; fileRef = 85A4B0C21B7C1CE300657064 /* Character.m */; };
		85C056B81B798B8000FCE2A2 /* main.m in Sources */ = {isa = PBXBuildFile; fileRef = 85C056B71B798B8000FCE2A2 /* main.m */; };
		85C056BB1B798B8000FCE2A2 /* AppDelegate.m in Sources */ = {isa = PBXBuildFile; fileRef = 85C056BA1B798B8000FCE2A2 /* AppDelegate.m */; };
		85C056BE1B798B8000FCE2A2 /* MainViewController.m in Sources */ = {isa = PBXBuildFile; fileRef = 85C056BD1B798B8000FCE2A2 /* MainViewController.m */; };
		85C056C11B798B8000FCE2A2 /* Main.storyboard in Resources */ = {isa = PBXBuildFile; fileRef = 85C056BF1B798B8000FCE2A2 /* Main.storyboard */; };
		85C056C31B798B8000FCE2A2 /* Assets.xcassets in Resources */ = {isa = PBXBuildFile; fileRef = 85C056C21B798B8000FCE2A2 /* Assets.xcassets */; };
		85C056C61B798B8000FCE2A2 /* LaunchScreen.storyboard in Resources */ = {isa = PBXBuildFile; fileRef = 85C056C41B798B8000FCE2A2 /* LaunchScreen.storyboard */; };
/* End PBXBuildFile section */

/* Begin PBXFileReference section */
		85A4B0C11B7C1CE300657064 /* Character.h */ = {isa = PBXFileReference; fileEncoding = 4; lastKnownFileType = sourcecode.c.h; path = Character.h; sourceTree = "<group>"; };
		85A4B0C21B7C1CE300657064 /* Character.m */ = {isa = PBXFileReference; fileEncoding = 4; lastKnownFileType = sourcecode.c.objc; path = Character.m; sourceTree = "<group>"; };
		85C056B31B798B8000FCE2A2 /* Organizando o codigo.app */ = {isa = PBXFileReference; explicitFileType = wrapper.application; includeInIndex = 0; path = "Organizando o codigo.app"; sourceTree = BUILT_PRODUCTS_DIR; };
		85C056B71B798B8000FCE2A2 /* main.m */ = {isa = PBXFileReference; lastKnownFileType = sourcecode.c.objc; path = main.m; sourceTree = "<group>"; };
		85C056B91B798B8000FCE2A2 /* AppDelegate.h */ = {isa = PBXFileReference; lastKnownFileType = sourcecode.c.h; path = AppDelegate.h; sourceTree = "<group>"; };
		85C056BA1B798B8000FCE2A2 /* AppDelegate.m */ = {isa = PBXFileReference; lastKnownFileType = sourcecode.c.objc; path = AppDelegate.m; sourceTree = "<group>"; };
		85C056BC1B798B8000FCE2A2 /* MainViewController.h */ = {isa = PBXFileReference; lastKnownFileType = sourcecode.c.h; path = MainViewController.h; sourceTree = "<group>"; };
		85C056BD1B798B8000FCE2A2 /* MainViewController.m */ = {isa = PBXFileReference; lastKnownFileType = sourcecode.c.objc; path = MainViewController.m; sourceTree = "<group>"; };
		85C056C01B798B8000FCE2A2 /* Base */ = {isa = PBXFileReference; lastKnownFileType = file.storyboard; name = Base; path = Base.lproj/Main.storyboard; sourceTree = "<group>"; };
		85C056C21B798B8000FCE2A2 /* Assets.xcassets */ = {isa = PBXFileReference; lastKnownFileType = folder.assetcatalog; path = Assets.xcassets; sourceTree = "<group>"; };
		85C056C51B798B8000FCE2A2 /* Base */ = {isa = PBXFileReference; lastKnownFileType = file.storyboard; name = Base; path = Base.lproj/LaunchScreen.storyboard; sourceTree = "<group>"; };
		85C056C71B798B8000FCE2A2 /* Info.plist */ = {isa = PBXFileReference; lastKnownFileType = text.plist.xml; path = Info.plist; sourceTree = "<group>"; };
/* End PBXFileReference section */

/* Begin PBXFrameworksBuildPhase section */
		85C056B01B798B8000FCE2A2 /* Frameworks */ = {
			isa = PBXFrameworksBuildPhase;
			buildActionMask = 2147483647;
			files = (
			);
			runOnlyForDeploymentPostprocessing = 0;
		};
/* End PBXFrameworksBuildPhase section */

/* Begin PBXGroup section */
		85A4B0C01B7C1C8200657064 /* Model */ = {
			isa = PBXGroup;
			children = (
				85A4B0C11B7C1CE300657064 /* Character.h */,
				85A4B0C21B7C1CE300657064 /* Character.m */,
			);
			name = Model;
			sourceTree = "<group>";
		};
		85C056AA1B798B7E00FCE2A2 = {
			isa = PBXGroup;
			children = (
				85C056B51B798B8000FCE2A2 /* Organizando o codigo */,
				85C056B41B798B8000FCE2A2 /* Products */,
			);
			sourceTree = "<group>";
		};
		85C056B41B798B8000FCE2A2 /* Products */ = {
			isa = PBXGroup;
			children = (
				85C056B31B798B8000FCE2A2 /* Organizando o codigo.app */,
			);
			name = Products;
			sourceTree = "<group>";
		};
		85C056B51B798B8000FCE2A2 /* Organizando o codigo */ = {
			isa = PBXGroup;
			children = (
				85A4B0C01B7C1C8200657064 /* Model */,
				85C056B91B798B8000FCE2A2 /* AppDelegate.h */,
				85C056BA1B798B8000FCE2A2 /* AppDelegate.m */,
				85C056BC1B798B8000FCE2A2 /* MainViewController.h */,
				85C056BD1B798B8000FCE2A2 /* MainViewController.m */,
				85C056BF1B798B8000FCE2A2 /* Main.storyboard */,
				85C056C21B798B8000FCE2A2 /* Assets.xcassets */,
				85C056C41B798B8000FCE2A2 /* LaunchScreen.storyboard */,
				85C056C71B798B8000FCE2A2 /* Info.plist */,
				85C056B61B798B8000FCE2A2 /* Supporting Files */,
			);
			path = "Organizando o codigo";
			sourceTree = "<group>";
		};
		85C056B61B798B8000FCE2A2 /* Supporting Files */ = {
			isa = PBXGroup;
			children = (
				85C056B71B798B8000FCE2A2 /* main.m */,
			);
			name = "Supporting Files";
			sourceTree = "<group>";
		};
/* End PBXGroup section */

/* Begin PBXNativeTarget section */
		85C056B21B798B8000FCE2A2 /* Organizando o codigo */ = {
			isa = PBXNativeTarget;
			buildConfigurationList = 85C056CA1B798B8100FCE2A2 /* Build configuration list for PBXNativeTarget "Organizando o codigo" */;
			buildPhases = (
				85C056AF1B798B8000FCE2A2 /* Sources */,
				85C056B01B798B8000FCE2A2 /* Frameworks */,
				85C056B11B798B8000FCE2A2 /* Resources */,
			);
			buildRules = (
			);
			dependencies = (
			);
			name = "Organizando o codigo";
			productName = "Organizando o codigo";
			productReference = 85C056B31B798B8000FCE2A2 /* Organizando o codigo.app */;
			productType = "com.apple.product-type.application";
		};
/* End PBXNativeTarget section */

/* Begin PBXProject section */
		85C056AB1B798B7E00FCE2A2 /* Project object */ = {
			isa = PBXProject;
			attributes = {
				LastUpgradeCheck = 0700;
				ORGANIZATIONNAME = "Filipe Faria";
				TargetAttributes = {
					85C056B21B798B8000FCE2A2 = {
						CreatedOnToolsVersion = 7.0;
						DevelopmentTeam = P2KT7G76VC;
					};
				};
			};
			buildConfigurationList = 85C056AE1B798B7F00FCE2A2 /* Build configuration list for PBXProject "Organizando o codigo" */;
			compatibilityVersion = "Xcode 3.2";
			developmentRegion = English;
			hasScannedForEncodings = 0;
			knownRegions = (
				en,
				Base,
			);
			mainGroup = 85C056AA1B798B7E00FCE2A2;
			productRefGroup = 85C056B41B798B8000FCE2A2 /* Products */;
			projectDirPath = "";
			projectRoot = "";
			targets = (
				85C056B21B798B8000FCE2A2 /* Organizando o codigo */,
			);
		};
/* End PBXProject section */

/* Begin PBXResourcesBuildPhase section */
		85C056B11B798B8000FCE2A2 /* Resources */ = {
			isa = PBXResourcesBuildPhase;
			buildActionMask = 2147483647;
			files = (
				85C056C61B798B8000FCE2A2 /* LaunchScreen.storyboard in Resources */,
				85C056C31B798B8000FCE2A2 /* Assets.xcassets in Resources */,
				85C056C11B798B8000FCE2A2 /* Main.storyboard in Resources */,
			);
			runOnlyForDeploymentPostprocessing = 0;
		};
/* End PBXResourcesBuildPhase section */

/* Begin PBXSourcesBuildPhase section */
		85C056AF1B798B8000FCE2A2 /* Sources */ = {
			isa = PBXSourcesBuildPhase;
			buildActionMask = 2147483647;
			files = (
				85C056BE1B798B8000FCE2A2 /* MainViewController.m in Sources */,
				85C056BB1B798B8000FCE2A2 /* AppDelegate.m in Sources */,
				85C056B81B798B8000FCE2A2 /* main.m in Sources */,
				85A4B0C31B7C1CE300657064 /* Character.m in Sources */,
			);
			runOnlyForDeploymentPostprocessing = 0;
		};
/* End PBXSourcesBuildPhase section */

/* Begin PBXVariantGroup section */
		85C056BF1B798B8000FCE2A2 /* Main.storyboard */ = {
			isa = PBXVariantGroup;
			children = (
				85C056C01B798B8000FCE2A2 /* Base */,
			);
			name = Main.storyboard;
			sourceTree = "<group>";
		};
		85C056C41B798B8000FCE2A2 /* LaunchScreen.storyboard */ = {
			isa = PBXVariantGroup;
			children = (
				85C056C51B798B8000FCE2A2 /* Base */,
			);
			name = LaunchScreen.storyboard;
			sourceTree = "<group>";
		};
/* End PBXVariantGroup section */

/* Begin XCBuildConfiguration section */
		85C056C81B798B8100FCE2A2 /* Debug */ = {
			isa = XCBuildConfiguration;
			buildSettings = {
				ALWAYS_SEARCH_USER_PATHS = NO;
				CLANG_CXX_LANGUAGE_STANDARD = "gnu++0x";
				CLANG_CXX_LIBRARY = "libc++";
				CLANG_ENABLE_MODULES = YES;
				CLANG_ENABLE_OBJC_ARC = YES;
				CLANG_WARN_BOOL_CONVERSION = YES;
				CLANG_WARN_CONSTANT_CONVERSION = YES;
				CLANG_WARN_DIRECT_OBJC_ISA_USAGE = YES_ERROR;
				CLANG_WARN_EMPTY_BODY = YES;
				CLANG_WARN_ENUM_CONVERSION = YES;
				CLANG_WARN_INT_CONVERSION = YES;
				CLANG_WARN_OBJC_ROOT_CLASS = YES_ERROR;
				CLANG_WARN_UNREACHABLE_CODE = YES;
				CLANG_WARN__DUPLICATE_METHOD_MATCH = YES;
				"CODE_SIGN_IDENTITY[sdk=iphoneos*]" = "iPhone Developer";
				COPY_PHASE_STRIP = NO;
				DEBUG_INFORMATION_FORMAT = dwarf;
				ENABLE_STRICT_OBJC_MSGSEND = YES;
				ENABLE_TESTABILITY = YES;
				GCC_C_LANGUAGE_STANDARD = gnu99;
				GCC_DYNAMIC_NO_PIC = NO;
				GCC_NO_COMMON_BLOCKS = YES;
				GCC_OPTIMIZATION_LEVEL = 0;
				GCC_PREPROCESSOR_DEFINITIONS = (
					"DEBUG=1",
					"$(inherited)",
				);
				GCC_WARN_64_TO_32_BIT_CONVERSION = YES;
				GCC_WARN_ABOUT_RETURN_TYPE = YES_ERROR;
				GCC_WARN_UNDECLARED_SELECTOR = YES;
				GCC_WARN_UNINITIALIZED_AUTOS = YES_AGGRESSIVE;
				GCC_WARN_UNUSED_FUNCTION = YES;
				GCC_WARN_UNUSED_VARIABLE = YES;
				IPHONEOS_DEPLOYMENT_TARGET = 9.0;
				MTL_ENABLE_DEBUG_INFO = YES;
				ONLY_ACTIVE_ARCH = YES;
				SDKROOT = iphoneos;
			};
			name = Debug;
		};
		85C056C91B798B8100FCE2A2 /* Release */ = {
			isa = XCBuildConfiguration;
			buildSettings = {
				ALWAYS_SEARCH_USER_PATHS = NO;
				CLANG_CXX_LANGUAGE_STANDARD = "gnu++0x";
				CLANG_CXX_LIBRARY = "libc++";
				CLANG_ENABLE_MODULES = YES;
				CLANG_ENABLE_OBJC_ARC = YES;
				CLANG_WARN_BOOL_CONVERSION = YES;
				CLANG_WARN_CONSTANT_CONVERSION = YES;
				CLANG_WARN_DIRECT_OBJC_ISA_USAGE = YES_ERROR;
				CLANG_WARN_EMPTY_BODY = YES;
				CLANG_WARN_ENUM_CONVERSION = YES;
				CLANG_WARN_INT_CONVERSION = YES;
				CLANG_WARN_OBJC_ROOT_CLASS = YES_ERROR;
				CLANG_WARN_UNREACHABLE_CODE = YES;
				CLANG_WARN__DUPLICATE_METHOD_MATCH = YES;
				"CODE_SIGN_IDENTITY[sdk=iphoneos*]" = "iPhone Developer";
				COPY_PHASE_STRIP = NO;
				DEBUG_INFORMATION_FORMAT = "dwarf-with-dsym";
				ENABLE_NS_ASSERTIONS = NO;
				ENABLE_STRICT_OBJC_MSGSEND = YES;
				GCC_C_LANGUAGE_STANDARD = gnu99;
				GCC_NO_COMMON_BLOCKS = YES;
				GCC_WARN_64_TO_32_BIT_CONVERSION = YES;
				GCC_WARN_ABOUT_RETURN_TYPE = YES_ERROR;
				GCC_WARN_UNDECLARED_SELECTOR = YES;
				GCC_WARN_UNINITIALIZED_AUTOS = YES_AGGRESSIVE;
				GCC_WARN_UNUSED_FUNCTION = YES;
				GCC_WARN_UNUSED_VARIABLE = YES;
				IPHONEOS_DEPLOYMENT_TARGET = 9.0;
				MTL_ENABLE_DEBUG_INFO = NO;
				SDKROOT = iphoneos;
				VALIDATE_PRODUCT = YES;
			};
			name = Release;
		};
		85C056CB1B798B8100FCE2A2 /* Debug */ = {
			isa = XCBuildConfiguration;
			buildSettings = {
				ASSETCATALOG_COMPILER_APPICON_NAME = AppIcon;
				CODE_SIGN_IDENTITY = "iPhone Developer: filipecmsfaria@gmail.com (LU8L3N57M4)";
				"CODE_SIGN_IDENTITY[sdk=iphoneos*]" = "iPhone Developer: filipecmsfaria@gmail.com (LU8L3N57M4)";
				INFOPLIST_FILE = "Organizando o codigo/Info.plist";
				IPHONEOS_DEPLOYMENT_TARGET = 7.1;
				LD_RUNPATH_SEARCH_PATHS = "$(inherited) @executable_path/Frameworks";
				PRODUCT_BUNDLE_IDENTIFIER = "com.filipecmsfaria.Organizando-o-codigo";
				PRODUCT_NAME = "$(TARGET_NAME)";
				PROVISIONING_PROFILE = "5c74b078-41a8-4165-b255-7511a8468ee5";
			};
			name = Debug;
		};
		85C056CC1B798B8100FCE2A2 /* Release */ = {
			isa = XCBuildConfiguration;
			buildSettings = {
				ASSETCATALOG_COMPILER_APPICON_NAME = AppIcon;
				CODE_SIGN_IDENTITY = "iPhone Developer: filipecmsfaria@gmail.com (LU8L3N57M4)";
				"CODE_SIGN_IDENTITY[sdk=iphoneos*]" = "iPhone Developer: filipecmsfaria@gmail.com (LU8L3N57M4)";
				INFOPLIST_FILE = "Organizando o codigo/Info.plist";
				IPHONEOS_DEPLOYMENT_TARGET = 7.1;
				LD_RUNPATH_SEARCH_PATHS = "$(inherited) @executable_path/Frameworks";
				PRODUCT_BUNDLE_IDENTIFIER = "com.filipecmsfaria.Organizando-o-codigo";
				PRODUCT_NAME = "$(TARGET_NAME)";
				PROVISIONING_PROFILE = "5c74b078-41a8-4165-b255-7511a8468ee5";
			};
			name = Release;
		};
/* End XCBuildConfiguration section */

/* Begin XCConfigurationList section */
		85C056AE1B798B7F00FCE2A2 /* Build configuration list for PBXProject "Organizando o codigo" */ = {
			isa = XCConfigurationList;
			buildConfigurations = (
				85C056C81B798B8100FCE2A2 /* Debug */,
				85C056C91B798B8100FCE2A2 /* Release */,
			);
			defaultConfigurationIsVisible = 0;
			defaultConfigurationName = Release;
		};
		85C056CA1B798B8100FCE2A2 /* Build configuration list for PBXNativeTarget "Organizando o codigo" */ = {
			isa = XCConfigurationList;
			buildConfigurations = (
				85C056CB1B798B8100FCE2A2 /* Debug */,
				85C056CC1B798B8100FCE2A2 /* Release */,
			);
			defaultConfigurationIsVisible = 0;
			defaultConfigurationName = Release;
		};
/* End XCConfigurationList section */
	};
	rootObject = 85C056AB1B798B7E00FCE2A2 /* Project object */;
}
